// !$*UTF8*$!
{
	archiveVersion = 1;
	classes = {
	};
	objectVersion = 50;
	objects = {

/* Begin PBXBuildFile section */
		7F283D90237AAF7700724AC9 /* Patient.swift in Sources */ = {isa = PBXBuildFile; fileRef = 7F283D8F237AAF7700724AC9 /* Patient.swift */; };
		7F5FE0452374036A004569C4 /* AccountController.swift in Sources */ = {isa = PBXBuildFile; fileRef = 7F5FE0432374036A004569C4 /* AccountController.swift */; };
		7F5FE0462374036A004569C4 /* AccountController.xib in Resources */ = {isa = PBXBuildFile; fileRef = 7F5FE0442374036A004569C4 /* AccountController.xib */; };
		7F5FE04823740F52004569C4 /* MainNavigationController.swift in Sources */ = {isa = PBXBuildFile; fileRef = 7F5FE04723740F52004569C4 /* MainNavigationController.swift */; };
		7F5FE04D2374127B004569C4 /* IdentityController.swift in Sources */ = {isa = PBXBuildFile; fileRef = 7F5FE04B2374127B004569C4 /* IdentityController.swift */; };
		7F5FE04E2374127B004569C4 /* IdentityController.xib in Resources */ = {isa = PBXBuildFile; fileRef = 7F5FE04C2374127B004569C4 /* IdentityController.xib */; };
		7F5FE05323741573004569C4 /* CredentialController.swift in Sources */ = {isa = PBXBuildFile; fileRef = 7F5FE05123741573004569C4 /* CredentialController.swift */; };
		7F5FE05423741573004569C4 /* CredentialController.xib in Resources */ = {isa = PBXBuildFile; fileRef = 7F5FE05223741573004569C4 /* CredentialController.xib */; };
		7F5FE05923741674004569C4 /* RegisterController.swift in Sources */ = {isa = PBXBuildFile; fileRef = 7F5FE05723741674004569C4 /* RegisterController.swift */; };
		7F5FE05A23741674004569C4 /* RegisterController.xib in Resources */ = {isa = PBXBuildFile; fileRef = 7F5FE05823741674004569C4 /* RegisterController.xib */; };
		7F5FE05D23742B44004569C4 /* FieldForm.swift in Sources */ = {isa = PBXBuildFile; fileRef = 7F5FE05C23742B44004569C4 /* FieldForm.swift */; };
		7F5FE05F23742B54004569C4 /* FieldForm.xib in Resources */ = {isa = PBXBuildFile; fileRef = 7F5FE05E23742B54004569C4 /* FieldForm.xib */; };
		7F5FE06423757FA4004569C4 /* Login.swift in Sources */ = {isa = PBXBuildFile; fileRef = 95091E892372C52B00EA0782 /* Login.swift */; };
		7F5FE06523757FBE004569C4 /* Login.xib in Resources */ = {isa = PBXBuildFile; fileRef = 95091E8A2372C52B00EA0782 /* Login.xib */; };
		7F5FE0672375839D004569C4 /* Auth.swift in Sources */ = {isa = PBXBuildFile; fileRef = 7F5FE0662375839D004569C4 /* Auth.swift */; };
		7F5FE06A237585E2004569C4 /* NetworkManager.swift in Sources */ = {isa = PBXBuildFile; fileRef = 7F5FE069237585E2004569C4 /* NetworkManager.swift */; };
		7F5FE06F2375873F004569C4 /* HQAuth.swift in Sources */ = {isa = PBXBuildFile; fileRef = 7F5FE06E2375873F004569C4 /* HQAuth.swift */; };
		7F8998152372B9DA00A2085A /* QueueController.swift in Sources */ = {isa = PBXBuildFile; fileRef = 7F8998142372B9DA00A2085A /* QueueController.swift */; };
		7F8998172372BA0500A2085A /* QueueView.xib in Resources */ = {isa = PBXBuildFile; fileRef = 7F8998162372BA0500A2085A /* QueueView.xib */; };
		95091E4B2372B02B00EA0782 /* AppDelegate.swift in Sources */ = {isa = PBXBuildFile; fileRef = 95091E4A2372B02B00EA0782 /* AppDelegate.swift */; };
		95091E4D2372B02B00EA0782 /* SceneDelegate.swift in Sources */ = {isa = PBXBuildFile; fileRef = 95091E4C2372B02B00EA0782 /* SceneDelegate.swift */; };
		95091E4F2372B02B00EA0782 /* ViewController.swift in Sources */ = {isa = PBXBuildFile; fileRef = 95091E4E2372B02B00EA0782 /* ViewController.swift */; };
		95091E552372B02B00EA0782 /* HQueue.xcdatamodeld in Sources */ = {isa = PBXBuildFile; fileRef = 95091E532372B02B00EA0782 /* HQueue.xcdatamodeld */; };
		95091E572372B02E00EA0782 /* Assets.xcassets in Resources */ = {isa = PBXBuildFile; fileRef = 95091E562372B02E00EA0782 /* Assets.xcassets */; };
		95091E5A2372B02E00EA0782 /* LaunchScreen.storyboard in Resources */ = {isa = PBXBuildFile; fileRef = 95091E582372B02E00EA0782 /* LaunchScreen.storyboard */; };
		95091E652372B02E00EA0782 /* HQueueTests.swift in Sources */ = {isa = PBXBuildFile; fileRef = 95091E642372B02E00EA0782 /* HQueueTests.swift */; };
		95091E702372B02E00EA0782 /* HQueueUITests.swift in Sources */ = {isa = PBXBuildFile; fileRef = 95091E6F2372B02E00EA0782 /* HQueueUITests.swift */; };
		95091E942372CFD100EA0782 /* NetworkRouter.swift in Sources */ = {isa = PBXBuildFile; fileRef = 95091E932372CFD100EA0782 /* NetworkRouter.swift */; };
		95091E962373F93000EA0782 /* Router.swift in Sources */ = {isa = PBXBuildFile; fileRef = 95091E952373F93000EA0782 /* Router.swift */; };
		95091E982374023200EA0782 /* EndPointType.swift in Sources */ = {isa = PBXBuildFile; fileRef = 95091E972374023200EA0782 /* EndPointType.swift */; };
		95091E9A2374025500EA0782 /* HTTPMethod.swift in Sources */ = {isa = PBXBuildFile; fileRef = 95091E992374025500EA0782 /* HTTPMethod.swift */; };
		95091E9C2374029400EA0782 /* HTTPTask.swift in Sources */ = {isa = PBXBuildFile; fileRef = 95091E9B2374029400EA0782 /* HTTPTask.swift */; };
		95091EA02374030300EA0782 /* ParameterEncoding.swift in Sources */ = {isa = PBXBuildFile; fileRef = 95091E9F2374030300EA0782 /* ParameterEncoding.swift */; };
		95091EA22374035400EA0782 /* URLParameterEncoder.swift in Sources */ = {isa = PBXBuildFile; fileRef = 95091EA12374035400EA0782 /* URLParameterEncoder.swift */; };
		95091EA42374037400EA0782 /* JSONParameterEncoder.swift in Sources */ = {isa = PBXBuildFile; fileRef = 95091EA32374037400EA0782 /* JSONParameterEncoder.swift */; };
		95091EB123794D1E00EA0782 /* DoctorDetail.swift in Sources */ = {isa = PBXBuildFile; fileRef = 95091EAF23794D1E00EA0782 /* DoctorDetail.swift */; };
		95091EB52379537400EA0782 /* HQueueBtn.swift in Sources */ = {isa = PBXBuildFile; fileRef = 95091EB32379537400EA0782 /* HQueueBtn.swift */; };
		95091EB62379537400EA0782 /* HQueueBtn.xib in Resources */ = {isa = PBXBuildFile; fileRef = 95091EB42379537400EA0782 /* HQueueBtn.xib */; };
		95091EB82379575E00EA0782 /* ColorPalette.swift in Sources */ = {isa = PBXBuildFile; fileRef = 95091EB72379575E00EA0782 /* ColorPalette.swift */; };
		95091EBA2379626800EA0782 /* ReusableIdentifiers.swift in Sources */ = {isa = PBXBuildFile; fileRef = 95091EB92379626800EA0782 /* ReusableIdentifiers.swift */; };
		95091EC4237BECD500EA0782 /* DoctorDetailView.swift in Sources */ = {isa = PBXBuildFile; fileRef = 95091EC3237BECD500EA0782 /* DoctorDetailView.swift */; };
		95091EC7237C082B00EA0782 /* InsuranceCell.swift in Sources */ = {isa = PBXBuildFile; fileRef = 95091EC5237C082A00EA0782 /* InsuranceCell.swift */; };
		95091EC8237C082B00EA0782 /* InsuranceCell.xib in Resources */ = {isa = PBXBuildFile; fileRef = 95091EC6237C082A00EA0782 /* InsuranceCell.xib */; };
		95091ECD237D665B00EA0782 /* DoctorScheduleCell.swift in Sources */ = {isa = PBXBuildFile; fileRef = 95091ECB237D665B00EA0782 /* DoctorScheduleCell.swift */; };
		95091ECE237D665B00EA0782 /* DoctorScheduleCell.xib in Resources */ = {isa = PBXBuildFile; fileRef = 95091ECC237D665B00EA0782 /* DoctorScheduleCell.xib */; };
/* End PBXBuildFile section */

/* Begin PBXContainerItemProxy section */
		95091E612372B02E00EA0782 /* PBXContainerItemProxy */ = {
			isa = PBXContainerItemProxy;
			containerPortal = 95091E3F2372B02B00EA0782 /* Project object */;
			proxyType = 1;
			remoteGlobalIDString = 95091E462372B02B00EA0782;
			remoteInfo = HQueue;
		};
		95091E6C2372B02E00EA0782 /* PBXContainerItemProxy */ = {
			isa = PBXContainerItemProxy;
			containerPortal = 95091E3F2372B02B00EA0782 /* Project object */;
			proxyType = 1;
			remoteGlobalIDString = 95091E462372B02B00EA0782;
			remoteInfo = HQueue;
		};
/* End PBXContainerItemProxy section */

/* Begin PBXFileReference section */
		7F283D8F237AAF7700724AC9 /* Patient.swift */ = {isa = PBXFileReference; lastKnownFileType = sourcecode.swift; path = Patient.swift; sourceTree = "<group>"; };
		7F5FE0432374036A004569C4 /* AccountController.swift */ = {isa = PBXFileReference; lastKnownFileType = sourcecode.swift; path = AccountController.swift; sourceTree = "<group>"; };
		7F5FE0442374036A004569C4 /* AccountController.xib */ = {isa = PBXFileReference; lastKnownFileType = file.xib; path = AccountController.xib; sourceTree = "<group>"; };
		7F5FE04723740F52004569C4 /* MainNavigationController.swift */ = {isa = PBXFileReference; lastKnownFileType = sourcecode.swift; path = MainNavigationController.swift; sourceTree = "<group>"; };
		7F5FE04B2374127B004569C4 /* IdentityController.swift */ = {isa = PBXFileReference; lastKnownFileType = sourcecode.swift; path = IdentityController.swift; sourceTree = "<group>"; };
		7F5FE04C2374127B004569C4 /* IdentityController.xib */ = {isa = PBXFileReference; lastKnownFileType = file.xib; path = IdentityController.xib; sourceTree = "<group>"; };
		7F5FE05123741573004569C4 /* CredentialController.swift */ = {isa = PBXFileReference; lastKnownFileType = sourcecode.swift; path = CredentialController.swift; sourceTree = "<group>"; };
		7F5FE05223741573004569C4 /* CredentialController.xib */ = {isa = PBXFileReference; lastKnownFileType = file.xib; path = CredentialController.xib; sourceTree = "<group>"; };
		7F5FE05723741674004569C4 /* RegisterController.swift */ = {isa = PBXFileReference; lastKnownFileType = sourcecode.swift; path = RegisterController.swift; sourceTree = "<group>"; };
		7F5FE05823741674004569C4 /* RegisterController.xib */ = {isa = PBXFileReference; lastKnownFileType = file.xib; path = RegisterController.xib; sourceTree = "<group>"; };
		7F5FE05C23742B44004569C4 /* FieldForm.swift */ = {isa = PBXFileReference; lastKnownFileType = sourcecode.swift; path = FieldForm.swift; sourceTree = "<group>"; };
		7F5FE05E23742B54004569C4 /* FieldForm.xib */ = {isa = PBXFileReference; lastKnownFileType = file.xib; path = FieldForm.xib; sourceTree = "<group>"; };
		7F5FE0662375839D004569C4 /* Auth.swift */ = {isa = PBXFileReference; lastKnownFileType = sourcecode.swift; name = Auth.swift; path = HQueue/View/Components/Auth.swift; sourceTree = SOURCE_ROOT; };
		7F5FE069237585E2004569C4 /* NetworkManager.swift */ = {isa = PBXFileReference; lastKnownFileType = sourcecode.swift; path = NetworkManager.swift; sourceTree = "<group>"; };
		7F5FE06E2375873F004569C4 /* HQAuth.swift */ = {isa = PBXFileReference; lastKnownFileType = sourcecode.swift; path = HQAuth.swift; sourceTree = "<group>"; };
		7F8998142372B9DA00A2085A /* QueueController.swift */ = {isa = PBXFileReference; lastKnownFileType = sourcecode.swift; path = QueueController.swift; sourceTree = "<group>"; };
		7F8998162372BA0500A2085A /* QueueView.xib */ = {isa = PBXFileReference; lastKnownFileType = file.xib; path = QueueView.xib; sourceTree = "<group>"; };
		95091E472372B02B00EA0782 /* HQueue.app */ = {isa = PBXFileReference; explicitFileType = wrapper.application; includeInIndex = 0; path = HQueue.app; sourceTree = BUILT_PRODUCTS_DIR; };
		95091E4A2372B02B00EA0782 /* AppDelegate.swift */ = {isa = PBXFileReference; lastKnownFileType = sourcecode.swift; path = AppDelegate.swift; sourceTree = "<group>"; };
		95091E4C2372B02B00EA0782 /* SceneDelegate.swift */ = {isa = PBXFileReference; lastKnownFileType = sourcecode.swift; path = SceneDelegate.swift; sourceTree = "<group>"; };
		95091E4E2372B02B00EA0782 /* ViewController.swift */ = {isa = PBXFileReference; lastKnownFileType = sourcecode.swift; path = ViewController.swift; sourceTree = "<group>"; };
		95091E542372B02B00EA0782 /* HQueue.xcdatamodel */ = {isa = PBXFileReference; lastKnownFileType = wrapper.xcdatamodel; path = HQueue.xcdatamodel; sourceTree = "<group>"; };
		95091E562372B02E00EA0782 /* Assets.xcassets */ = {isa = PBXFileReference; lastKnownFileType = folder.assetcatalog; path = Assets.xcassets; sourceTree = "<group>"; };
		95091E592372B02E00EA0782 /* Base */ = {isa = PBXFileReference; lastKnownFileType = file.storyboard; name = Base; path = Base.lproj/LaunchScreen.storyboard; sourceTree = "<group>"; };
		95091E5B2372B02E00EA0782 /* Info.plist */ = {isa = PBXFileReference; lastKnownFileType = text.plist.xml; path = Info.plist; sourceTree = "<group>"; };
		95091E602372B02E00EA0782 /* HQueueTests.xctest */ = {isa = PBXFileReference; explicitFileType = wrapper.cfbundle; includeInIndex = 0; path = HQueueTests.xctest; sourceTree = BUILT_PRODUCTS_DIR; };
		95091E642372B02E00EA0782 /* HQueueTests.swift */ = {isa = PBXFileReference; lastKnownFileType = sourcecode.swift; path = HQueueTests.swift; sourceTree = "<group>"; };
		95091E662372B02E00EA0782 /* Info.plist */ = {isa = PBXFileReference; lastKnownFileType = text.plist.xml; path = Info.plist; sourceTree = "<group>"; };
		95091E6B2372B02E00EA0782 /* HQueueUITests.xctest */ = {isa = PBXFileReference; explicitFileType = wrapper.cfbundle; includeInIndex = 0; path = HQueueUITests.xctest; sourceTree = BUILT_PRODUCTS_DIR; };
		95091E6F2372B02E00EA0782 /* HQueueUITests.swift */ = {isa = PBXFileReference; lastKnownFileType = sourcecode.swift; path = HQueueUITests.swift; sourceTree = "<group>"; };
		95091E712372B02E00EA0782 /* Info.plist */ = {isa = PBXFileReference; lastKnownFileType = text.plist.xml; path = Info.plist; sourceTree = "<group>"; };
		95091E892372C52B00EA0782 /* Login.swift */ = {isa = PBXFileReference; lastKnownFileType = sourcecode.swift; path = Login.swift; sourceTree = "<group>"; };
		95091E8A2372C52B00EA0782 /* Login.xib */ = {isa = PBXFileReference; lastKnownFileType = file.xib; path = Login.xib; sourceTree = "<group>"; };
		95091E932372CFD100EA0782 /* NetworkRouter.swift */ = {isa = PBXFileReference; lastKnownFileType = sourcecode.swift; path = NetworkRouter.swift; sourceTree = "<group>"; };
		95091E952373F93000EA0782 /* Router.swift */ = {isa = PBXFileReference; lastKnownFileType = sourcecode.swift; path = Router.swift; sourceTree = "<group>"; };
		95091E972374023200EA0782 /* EndPointType.swift */ = {isa = PBXFileReference; lastKnownFileType = sourcecode.swift; path = EndPointType.swift; sourceTree = "<group>"; };
		95091E992374025500EA0782 /* HTTPMethod.swift */ = {isa = PBXFileReference; lastKnownFileType = sourcecode.swift; path = HTTPMethod.swift; sourceTree = "<group>"; };
		95091E9B2374029400EA0782 /* HTTPTask.swift */ = {isa = PBXFileReference; lastKnownFileType = sourcecode.swift; path = HTTPTask.swift; sourceTree = "<group>"; };
		95091E9F2374030300EA0782 /* ParameterEncoding.swift */ = {isa = PBXFileReference; lastKnownFileType = sourcecode.swift; path = ParameterEncoding.swift; sourceTree = "<group>"; };
		95091EA12374035400EA0782 /* URLParameterEncoder.swift */ = {isa = PBXFileReference; lastKnownFileType = sourcecode.swift; path = URLParameterEncoder.swift; sourceTree = "<group>"; };
		95091EA32374037400EA0782 /* JSONParameterEncoder.swift */ = {isa = PBXFileReference; lastKnownFileType = sourcecode.swift; path = JSONParameterEncoder.swift; sourceTree = "<group>"; };
		95091EAE2375648100EA0782 /* HQueue.entitlements */ = {isa = PBXFileReference; lastKnownFileType = text.plist.entitlements; path = HQueue.entitlements; sourceTree = "<group>"; };
		95091EAF23794D1E00EA0782 /* DoctorDetail.swift */ = {isa = PBXFileReference; lastKnownFileType = sourcecode.swift; name = DoctorDetail.swift; path = HQueue/Controller/DoctorDetail.swift; sourceTree = SOURCE_ROOT; };
		95091EB32379537400EA0782 /* HQueueBtn.swift */ = {isa = PBXFileReference; lastKnownFileType = sourcecode.swift; path = HQueueBtn.swift; sourceTree = "<group>"; };
		95091EB42379537400EA0782 /* HQueueBtn.xib */ = {isa = PBXFileReference; lastKnownFileType = file.xib; path = HQueueBtn.xib; sourceTree = "<group>"; };
		95091EB72379575E00EA0782 /* ColorPalette.swift */ = {isa = PBXFileReference; lastKnownFileType = sourcecode.swift; path = ColorPalette.swift; sourceTree = "<group>"; };
		95091EB92379626800EA0782 /* ReusableIdentifiers.swift */ = {isa = PBXFileReference; lastKnownFileType = sourcecode.swift; path = ReusableIdentifiers.swift; sourceTree = "<group>"; };
		95091EC3237BECD500EA0782 /* DoctorDetailView.swift */ = {isa = PBXFileReference; lastKnownFileType = sourcecode.swift; path = DoctorDetailView.swift; sourceTree = "<group>"; };
		95091EC5237C082A00EA0782 /* InsuranceCell.swift */ = {isa = PBXFileReference; lastKnownFileType = sourcecode.swift; path = InsuranceCell.swift; sourceTree = "<group>"; };
		95091EC6237C082A00EA0782 /* InsuranceCell.xib */ = {isa = PBXFileReference; lastKnownFileType = file.xib; path = InsuranceCell.xib; sourceTree = "<group>"; };
		95091ECB237D665B00EA0782 /* DoctorScheduleCell.swift */ = {isa = PBXFileReference; lastKnownFileType = sourcecode.swift; path = DoctorScheduleCell.swift; sourceTree = "<group>"; };
		95091ECC237D665B00EA0782 /* DoctorScheduleCell.xib */ = {isa = PBXFileReference; lastKnownFileType = file.xib; path = DoctorScheduleCell.xib; sourceTree = "<group>"; };
/* End PBXFileReference section */

/* Begin PBXFrameworksBuildPhase section */
		95091E442372B02B00EA0782 /* Frameworks */ = {
			isa = PBXFrameworksBuildPhase;
			buildActionMask = 2147483647;
			files = (
			);
			runOnlyForDeploymentPostprocessing = 0;
		};
		95091E5D2372B02E00EA0782 /* Frameworks */ = {
			isa = PBXFrameworksBuildPhase;
			buildActionMask = 2147483647;
			files = (
			);
			runOnlyForDeploymentPostprocessing = 0;
		};
		95091E682372B02E00EA0782 /* Frameworks */ = {
			isa = PBXFrameworksBuildPhase;
			buildActionMask = 2147483647;
			files = (
			);
			runOnlyForDeploymentPostprocessing = 0;
		};
/* End PBXFrameworksBuildPhase section */

/* Begin PBXGroup section */
		7F5FE04F2374129C004569C4 /* Account */ = {
			isa = PBXGroup;
			children = (
				95091E8A2372C52B00EA0782 /* Login.xib */,
				7F5FE0442374036A004569C4 /* AccountController.xib */,
				7F5FE04C2374127B004569C4 /* IdentityController.xib */,
				7F5FE05823741674004569C4 /* RegisterController.xib */,
				7F5FE05223741573004569C4 /* CredentialController.xib */,
			);
			path = Account;
			sourceTree = "<group>";
		};
		7F5FE05023741517004569C4 /* Account */ = {
			isa = PBXGroup;
			children = (
				7F5FE04B2374127B004569C4 /* IdentityController.swift */,
				7F5FE0432374036A004569C4 /* AccountController.swift */,
				7F5FE05123741573004569C4 /* CredentialController.swift */,
				7F5FE05723741674004569C4 /* RegisterController.swift */,
				95091E892372C52B00EA0782 /* Login.swift */,
			);
			path = Account;
			sourceTree = "<group>";
		};
		7F5FE05B23742A08004569C4 /* Components */ = {
			isa = PBXGroup;
			children = (
				95091EB32379537400EA0782 /* HQueueBtn.swift */,
				95091EB42379537400EA0782 /* HQueueBtn.xib */,
				7F5FE05C23742B44004569C4 /* FieldForm.swift */,
				7F5FE05E23742B54004569C4 /* FieldForm.xib */,
			);
			path = Components;
			sourceTree = "<group>";
		};
		7F5FE068237585CE004569C4 /* Manager */ = {
			isa = PBXGroup;
			children = (
				7F5FE069237585E2004569C4 /* NetworkManager.swift */,
			);
			path = Manager;
			sourceTree = "<group>";
		};
		7F5FE06B237586CF004569C4 /* Models */ = {
			isa = PBXGroup;
			children = (
				7F5FE06E2375873F004569C4 /* HQAuth.swift */,
				7F283D8F237AAF7700724AC9 /* Patient.swift */,
			);
			path = Models;
			sourceTree = "<group>";
		};
		95091E3E2372B02B00EA0782 = {
			isa = PBXGroup;
			children = (
				95091E492372B02B00EA0782 /* HQueue */,
				95091E632372B02E00EA0782 /* HQueueTests */,
				95091E6E2372B02E00EA0782 /* HQueueUITests */,
				95091E482372B02B00EA0782 /* Products */,
			);
			sourceTree = "<group>";
		};
		95091E482372B02B00EA0782 /* Products */ = {
			isa = PBXGroup;
			children = (
				95091E472372B02B00EA0782 /* HQueue.app */,
				95091E602372B02E00EA0782 /* HQueueTests.xctest */,
				95091E6B2372B02E00EA0782 /* HQueueUITests.xctest */,
			);
			name = Products;
			sourceTree = "<group>";
		};
		95091E492372B02B00EA0782 /* HQueue */ = {
			isa = PBXGroup;
			children = (
				7F5FE06B237586CF004569C4 /* Models */,
				95091EAE2375648100EA0782 /* HQueue.entitlements */,
				95091E922372CFBE00EA0782 /* Network */,
				95091E842372B67F00EA0782 /* Controller */,
				95091E832372B62500EA0782 /* View */,
				95091E4A2372B02B00EA0782 /* AppDelegate.swift */,
				95091EB72379575E00EA0782 /* ColorPalette.swift */,
				95091E4C2372B02B00EA0782 /* SceneDelegate.swift */,
				95091E562372B02E00EA0782 /* Assets.xcassets */,
				95091E582372B02E00EA0782 /* LaunchScreen.storyboard */,
				95091E5B2372B02E00EA0782 /* Info.plist */,
				95091E532372B02B00EA0782 /* HQueue.xcdatamodeld */,
			);
			path = HQueue;
			sourceTree = "<group>";
		};
		95091E632372B02E00EA0782 /* HQueueTests */ = {
			isa = PBXGroup;
			children = (
				95091E642372B02E00EA0782 /* HQueueTests.swift */,
				95091E662372B02E00EA0782 /* Info.plist */,
			);
			path = HQueueTests;
			sourceTree = "<group>";
		};
		95091E6E2372B02E00EA0782 /* HQueueUITests */ = {
			isa = PBXGroup;
			children = (
				95091E6F2372B02E00EA0782 /* HQueueUITests.swift */,
				95091E712372B02E00EA0782 /* Info.plist */,
			);
			path = HQueueUITests;
			sourceTree = "<group>";
		};
		95091E832372B62500EA0782 /* View */ = {
			isa = PBXGroup;
			children = (
				7F5FE05B23742A08004569C4 /* Components */,
				7F5FE04F2374129C004569C4 /* Account */,
				7F8998162372BA0500A2085A /* QueueView.xib */,
				95091EC3237BECD500EA0782 /* DoctorDetailView.swift */,
				95091EC5237C082A00EA0782 /* InsuranceCell.swift */,
				95091ECB237D665B00EA0782 /* DoctorScheduleCell.swift */,
				95091ECC237D665B00EA0782 /* DoctorScheduleCell.xib */,
				95091EC6237C082A00EA0782 /* InsuranceCell.xib */,
			);
			path = View;
			sourceTree = "<group>";
		};
		95091E842372B67F00EA0782 /* Controller */ = {
			isa = PBXGroup;
			children = (
				7F5FE05023741517004569C4 /* Account */,
				95091E4E2372B02B00EA0782 /* ViewController.swift */,
				7F8998142372B9DA00A2085A /* QueueController.swift */,
				95091EAF23794D1E00EA0782 /* DoctorDetail.swift */,
				7F5FE04723740F52004569C4 /* MainNavigationController.swift */,
				95091EB92379626800EA0782 /* ReusableIdentifiers.swift */,
			);
			path = Controller;
			sourceTree = "<group>";
		};
		95091E922372CFBE00EA0782 /* Network */ = {
			isa = PBXGroup;
			children = (
				7F5FE068237585CE004569C4 /* Manager */,
				95091EA52374045500EA0782 /* Endpoints */,
				95091E9E237402F300EA0782 /* Encoding */,
				95091E9D237402DE00EA0782 /* Service */,
			);
			path = Network;
			sourceTree = "<group>";
		};
		95091E9D237402DE00EA0782 /* Service */ = {
			isa = PBXGroup;
			children = (
				95091E972374023200EA0782 /* EndPointType.swift */,
				95091E952373F93000EA0782 /* Router.swift */,
				95091E932372CFD100EA0782 /* NetworkRouter.swift */,
				95091E9B2374029400EA0782 /* HTTPTask.swift */,
				95091E992374025500EA0782 /* HTTPMethod.swift */,
			);
			path = Service;
			sourceTree = "<group>";
		};
		95091E9E237402F300EA0782 /* Encoding */ = {
			isa = PBXGroup;
			children = (
				95091E9F2374030300EA0782 /* ParameterEncoding.swift */,
				95091EA12374035400EA0782 /* URLParameterEncoder.swift */,
				95091EA32374037400EA0782 /* JSONParameterEncoder.swift */,
			);
			path = Encoding;
			sourceTree = "<group>";
		};
		95091EA52374045500EA0782 /* Endpoints */ = {
			isa = PBXGroup;
			children = (
				7F5FE0662375839D004569C4 /* Auth.swift */,
			);
			path = Endpoints;
			sourceTree = "<group>";
		};
/* End PBXGroup section */

/* Begin PBXNativeTarget section */
		95091E462372B02B00EA0782 /* HQueue */ = {
			isa = PBXNativeTarget;
			buildConfigurationList = 95091E742372B02E00EA0782 /* Build configuration list for PBXNativeTarget "HQueue" */;
			buildPhases = (
				95091E432372B02B00EA0782 /* Sources */,
				95091E442372B02B00EA0782 /* Frameworks */,
				95091E452372B02B00EA0782 /* Resources */,
			);
			buildRules = (
			);
			dependencies = (
			);
			name = HQueue;
			productName = HQueue;
			productReference = 95091E472372B02B00EA0782 /* HQueue.app */;
			productType = "com.apple.product-type.application";
		};
		95091E5F2372B02E00EA0782 /* HQueueTests */ = {
			isa = PBXNativeTarget;
			buildConfigurationList = 95091E772372B02E00EA0782 /* Build configuration list for PBXNativeTarget "HQueueTests" */;
			buildPhases = (
				95091E5C2372B02E00EA0782 /* Sources */,
				95091E5D2372B02E00EA0782 /* Frameworks */,
				95091E5E2372B02E00EA0782 /* Resources */,
			);
			buildRules = (
			);
			dependencies = (
				95091E622372B02E00EA0782 /* PBXTargetDependency */,
			);
			name = HQueueTests;
			productName = HQueueTests;
			productReference = 95091E602372B02E00EA0782 /* HQueueTests.xctest */;
			productType = "com.apple.product-type.bundle.unit-test";
		};
		95091E6A2372B02E00EA0782 /* HQueueUITests */ = {
			isa = PBXNativeTarget;
			buildConfigurationList = 95091E7A2372B02E00EA0782 /* Build configuration list for PBXNativeTarget "HQueueUITests" */;
			buildPhases = (
				95091E672372B02E00EA0782 /* Sources */,
				95091E682372B02E00EA0782 /* Frameworks */,
				95091E692372B02E00EA0782 /* Resources */,
			);
			buildRules = (
			);
			dependencies = (
				95091E6D2372B02E00EA0782 /* PBXTargetDependency */,
			);
			name = HQueueUITests;
			productName = HQueueUITests;
			productReference = 95091E6B2372B02E00EA0782 /* HQueueUITests.xctest */;
			productType = "com.apple.product-type.bundle.ui-testing";
		};
/* End PBXNativeTarget section */

/* Begin PBXProject section */
		95091E3F2372B02B00EA0782 /* Project object */ = {
			isa = PBXProject;
			attributes = {
				LastSwiftUpdateCheck = 1120;
				LastUpgradeCheck = 1120;
				ORGANIZATIONNAME = "Apple Dev. Academy";
				TargetAttributes = {
					95091E462372B02B00EA0782 = {
						CreatedOnToolsVersion = 11.2;
					};
					95091E5F2372B02E00EA0782 = {
						CreatedOnToolsVersion = 11.2;
						TestTargetID = 95091E462372B02B00EA0782;
					};
					95091E6A2372B02E00EA0782 = {
						CreatedOnToolsVersion = 11.2;
						TestTargetID = 95091E462372B02B00EA0782;
					};
				};
			};
			buildConfigurationList = 95091E422372B02B00EA0782 /* Build configuration list for PBXProject "HQueue" */;
			compatibilityVersion = "Xcode 9.3";
			developmentRegion = en;
			hasScannedForEncodings = 0;
			knownRegions = (
				en,
				Base,
			);
			mainGroup = 95091E3E2372B02B00EA0782;
			productRefGroup = 95091E482372B02B00EA0782 /* Products */;
			projectDirPath = "";
			projectRoot = "";
			targets = (
				95091E462372B02B00EA0782 /* HQueue */,
				95091E5F2372B02E00EA0782 /* HQueueTests */,
				95091E6A2372B02E00EA0782 /* HQueueUITests */,
			);
		};
/* End PBXProject section */

/* Begin PBXResourcesBuildPhase section */
		95091E452372B02B00EA0782 /* Resources */ = {
			isa = PBXResourcesBuildPhase;
			buildActionMask = 2147483647;
			files = (
				7F5FE04E2374127B004569C4 /* IdentityController.xib in Resources */,
				7F5FE05A23741674004569C4 /* RegisterController.xib in Resources */,
				95091EC8237C082B00EA0782 /* InsuranceCell.xib in Resources */,
				7F5FE06523757FBE004569C4 /* Login.xib in Resources */,
				95091E5A2372B02E00EA0782 /* LaunchScreen.storyboard in Resources */,
				7F5FE05423741573004569C4 /* CredentialController.xib in Resources */,
				95091E572372B02E00EA0782 /* Assets.xcassets in Resources */,
				95091ECE237D665B00EA0782 /* DoctorScheduleCell.xib in Resources */,
				7F8998172372BA0500A2085A /* QueueView.xib in Resources */,
				95091EB62379537400EA0782 /* HQueueBtn.xib in Resources */,
				7F5FE05F23742B54004569C4 /* FieldForm.xib in Resources */,
				7F5FE0462374036A004569C4 /* AccountController.xib in Resources */,
			);
			runOnlyForDeploymentPostprocessing = 0;
		};
		95091E5E2372B02E00EA0782 /* Resources */ = {
			isa = PBXResourcesBuildPhase;
			buildActionMask = 2147483647;
			files = (
			);
			runOnlyForDeploymentPostprocessing = 0;
		};
		95091E692372B02E00EA0782 /* Resources */ = {
			isa = PBXResourcesBuildPhase;
			buildActionMask = 2147483647;
			files = (
			);
			runOnlyForDeploymentPostprocessing = 0;
		};
/* End PBXResourcesBuildPhase section */

/* Begin PBXSourcesBuildPhase section */
		95091E432372B02B00EA0782 /* Sources */ = {
			isa = PBXSourcesBuildPhase;
			buildActionMask = 2147483647;
			files = (
				95091E982374023200EA0782 /* EndPointType.swift in Sources */,
				7F5FE05323741573004569C4 /* CredentialController.swift in Sources */,
				95091ECD237D665B00EA0782 /* DoctorScheduleCell.swift in Sources */,
				7F5FE04D2374127B004569C4 /* IdentityController.swift in Sources */,
				7F5FE0452374036A004569C4 /* AccountController.swift in Sources */,
				7F5FE06F2375873F004569C4 /* HQAuth.swift in Sources */,
				7F283D90237AAF7700724AC9 /* Patient.swift in Sources */,
				7F5FE06A237585E2004569C4 /* NetworkManager.swift in Sources */,
				7F8998152372B9DA00A2085A /* QueueController.swift in Sources */,
				95091EBA2379626800EA0782 /* ReusableIdentifiers.swift in Sources */,
				7F5FE04823740F52004569C4 /* MainNavigationController.swift in Sources */,
				95091E942372CFD100EA0782 /* NetworkRouter.swift in Sources */,
				95091EC7237C082B00EA0782 /* InsuranceCell.swift in Sources */,
				95091E552372B02B00EA0782 /* HQueue.xcdatamodeld in Sources */,
				7F5FE05D23742B44004569C4 /* FieldForm.swift in Sources */,
				7F5FE05923741674004569C4 /* RegisterController.swift in Sources */,
				95091EC4237BECD500EA0782 /* DoctorDetailView.swift in Sources */,
				95091EA42374037400EA0782 /* JSONParameterEncoder.swift in Sources */,
				95091EB52379537400EA0782 /* HQueueBtn.swift in Sources */,
				7F5FE0672375839D004569C4 /* Auth.swift in Sources */,
				7F5FE06423757FA4004569C4 /* Login.swift in Sources */,
				95091E962373F93000EA0782 /* Router.swift in Sources */,
				95091EA02374030300EA0782 /* ParameterEncoding.swift in Sources */,
				95091E9A2374025500EA0782 /* HTTPMethod.swift in Sources */,
				95091E9C2374029400EA0782 /* HTTPTask.swift in Sources */,
				95091EA22374035400EA0782 /* URLParameterEncoder.swift in Sources */,
				95091EB123794D1E00EA0782 /* DoctorDetail.swift in Sources */,
				95091E4F2372B02B00EA0782 /* ViewController.swift in Sources */,
				95091E4B2372B02B00EA0782 /* AppDelegate.swift in Sources */,
				95091E4D2372B02B00EA0782 /* SceneDelegate.swift in Sources */,
				95091EB82379575E00EA0782 /* ColorPalette.swift in Sources */,
			);
			runOnlyForDeploymentPostprocessing = 0;
		};
		95091E5C2372B02E00EA0782 /* Sources */ = {
			isa = PBXSourcesBuildPhase;
			buildActionMask = 2147483647;
			files = (
				95091E652372B02E00EA0782 /* HQueueTests.swift in Sources */,
			);
			runOnlyForDeploymentPostprocessing = 0;
		};
		95091E672372B02E00EA0782 /* Sources */ = {
			isa = PBXSourcesBuildPhase;
			buildActionMask = 2147483647;
			files = (
				95091E702372B02E00EA0782 /* HQueueUITests.swift in Sources */,
			);
			runOnlyForDeploymentPostprocessing = 0;
		};
/* End PBXSourcesBuildPhase section */

/* Begin PBXTargetDependency section */
		95091E622372B02E00EA0782 /* PBXTargetDependency */ = {
			isa = PBXTargetDependency;
			target = 95091E462372B02B00EA0782 /* HQueue */;
			targetProxy = 95091E612372B02E00EA0782 /* PBXContainerItemProxy */;
		};
		95091E6D2372B02E00EA0782 /* PBXTargetDependency */ = {
			isa = PBXTargetDependency;
			target = 95091E462372B02B00EA0782 /* HQueue */;
			targetProxy = 95091E6C2372B02E00EA0782 /* PBXContainerItemProxy */;
		};
/* End PBXTargetDependency section */

/* Begin PBXVariantGroup section */
		95091E582372B02E00EA0782 /* LaunchScreen.storyboard */ = {
			isa = PBXVariantGroup;
			children = (
				95091E592372B02E00EA0782 /* Base */,
			);
			name = LaunchScreen.storyboard;
			sourceTree = "<group>";
		};
/* End PBXVariantGroup section */

/* Begin XCBuildConfiguration section */
		95091E722372B02E00EA0782 /* Debug */ = {
			isa = XCBuildConfiguration;
			buildSettings = {
				ALWAYS_SEARCH_USER_PATHS = NO;
				CLANG_ANALYZER_NONNULL = YES;
				CLANG_ANALYZER_NUMBER_OBJECT_CONVERSION = YES_AGGRESSIVE;
				CLANG_CXX_LANGUAGE_STANDARD = "gnu++14";
				CLANG_CXX_LIBRARY = "libc++";
				CLANG_ENABLE_MODULES = YES;
				CLANG_ENABLE_OBJC_ARC = YES;
				CLANG_ENABLE_OBJC_WEAK = YES;
				CLANG_WARN_BLOCK_CAPTURE_AUTORELEASING = YES;
				CLANG_WARN_BOOL_CONVERSION = YES;
				CLANG_WARN_COMMA = YES;
				CLANG_WARN_CONSTANT_CONVERSION = YES;
				CLANG_WARN_DEPRECATED_OBJC_IMPLEMENTATIONS = YES;
				CLANG_WARN_DIRECT_OBJC_ISA_USAGE = YES_ERROR;
				CLANG_WARN_DOCUMENTATION_COMMENTS = YES;
				CLANG_WARN_EMPTY_BODY = YES;
				CLANG_WARN_ENUM_CONVERSION = YES;
				CLANG_WARN_INFINITE_RECURSION = YES;
				CLANG_WARN_INT_CONVERSION = YES;
				CLANG_WARN_NON_LITERAL_NULL_CONVERSION = YES;
				CLANG_WARN_OBJC_IMPLICIT_RETAIN_SELF = YES;
				CLANG_WARN_OBJC_LITERAL_CONVERSION = YES;
				CLANG_WARN_OBJC_ROOT_CLASS = YES_ERROR;
				CLANG_WARN_RANGE_LOOP_ANALYSIS = YES;
				CLANG_WARN_STRICT_PROTOTYPES = YES;
				CLANG_WARN_SUSPICIOUS_MOVE = YES;
				CLANG_WARN_UNGUARDED_AVAILABILITY = YES_AGGRESSIVE;
				CLANG_WARN_UNREACHABLE_CODE = YES;
				CLANG_WARN__DUPLICATE_METHOD_MATCH = YES;
				COPY_PHASE_STRIP = NO;
				DEBUG_INFORMATION_FORMAT = dwarf;
				ENABLE_STRICT_OBJC_MSGSEND = YES;
				ENABLE_TESTABILITY = YES;
				GCC_C_LANGUAGE_STANDARD = gnu11;
				GCC_DYNAMIC_NO_PIC = NO;
				GCC_NO_COMMON_BLOCKS = YES;
				GCC_OPTIMIZATION_LEVEL = 0;
				GCC_PREPROCESSOR_DEFINITIONS = (
					"DEBUG=1",
					"$(inherited)",
				);
				GCC_WARN_64_TO_32_BIT_CONVERSION = YES;
				GCC_WARN_ABOUT_RETURN_TYPE = YES_ERROR;
				GCC_WARN_UNDECLARED_SELECTOR = YES;
				GCC_WARN_UNINITIALIZED_AUTOS = YES_AGGRESSIVE;
				GCC_WARN_UNUSED_FUNCTION = YES;
				GCC_WARN_UNUSED_VARIABLE = YES;
				IPHONEOS_DEPLOYMENT_TARGET = 13.2;
				MTL_ENABLE_DEBUG_INFO = INCLUDE_SOURCE;
				MTL_FAST_MATH = YES;
				ONLY_ACTIVE_ARCH = YES;
				SDKROOT = iphoneos;
				SWIFT_ACTIVE_COMPILATION_CONDITIONS = DEBUG;
				SWIFT_OPTIMIZATION_LEVEL = "-Onone";
			};
			name = Debug;
		};
		95091E732372B02E00EA0782 /* Release */ = {
			isa = XCBuildConfiguration;
			buildSettings = {
				ALWAYS_SEARCH_USER_PATHS = NO;
				CLANG_ANALYZER_NONNULL = YES;
				CLANG_ANALYZER_NUMBER_OBJECT_CONVERSION = YES_AGGRESSIVE;
				CLANG_CXX_LANGUAGE_STANDARD = "gnu++14";
				CLANG_CXX_LIBRARY = "libc++";
				CLANG_ENABLE_MODULES = YES;
				CLANG_ENABLE_OBJC_ARC = YES;
				CLANG_ENABLE_OBJC_WEAK = YES;
				CLANG_WARN_BLOCK_CAPTURE_AUTORELEASING = YES;
				CLANG_WARN_BOOL_CONVERSION = YES;
				CLANG_WARN_COMMA = YES;
				CLANG_WARN_CONSTANT_CONVERSION = YES;
				CLANG_WARN_DEPRECATED_OBJC_IMPLEMENTATIONS = YES;
				CLANG_WARN_DIRECT_OBJC_ISA_USAGE = YES_ERROR;
				CLANG_WARN_DOCUMENTATION_COMMENTS = YES;
				CLANG_WARN_EMPTY_BODY = YES;
				CLANG_WARN_ENUM_CONVERSION = YES;
				CLANG_WARN_INFINITE_RECURSION = YES;
				CLANG_WARN_INT_CONVERSION = YES;
				CLANG_WARN_NON_LITERAL_NULL_CONVERSION = YES;
				CLANG_WARN_OBJC_IMPLICIT_RETAIN_SELF = YES;
				CLANG_WARN_OBJC_LITERAL_CONVERSION = YES;
				CLANG_WARN_OBJC_ROOT_CLASS = YES_ERROR;
				CLANG_WARN_RANGE_LOOP_ANALYSIS = YES;
				CLANG_WARN_STRICT_PROTOTYPES = YES;
				CLANG_WARN_SUSPICIOUS_MOVE = YES;
				CLANG_WARN_UNGUARDED_AVAILABILITY = YES_AGGRESSIVE;
				CLANG_WARN_UNREACHABLE_CODE = YES;
				CLANG_WARN__DUPLICATE_METHOD_MATCH = YES;
				COPY_PHASE_STRIP = NO;
				DEBUG_INFORMATION_FORMAT = "dwarf-with-dsym";
				ENABLE_NS_ASSERTIONS = NO;
				ENABLE_STRICT_OBJC_MSGSEND = YES;
				GCC_C_LANGUAGE_STANDARD = gnu11;
				GCC_NO_COMMON_BLOCKS = YES;
				GCC_WARN_64_TO_32_BIT_CONVERSION = YES;
				GCC_WARN_ABOUT_RETURN_TYPE = YES_ERROR;
				GCC_WARN_UNDECLARED_SELECTOR = YES;
				GCC_WARN_UNINITIALIZED_AUTOS = YES_AGGRESSIVE;
				GCC_WARN_UNUSED_FUNCTION = YES;
				GCC_WARN_UNUSED_VARIABLE = YES;
				IPHONEOS_DEPLOYMENT_TARGET = 13.2;
				MTL_ENABLE_DEBUG_INFO = NO;
				MTL_FAST_MATH = YES;
				SDKROOT = iphoneos;
				SWIFT_COMPILATION_MODE = wholemodule;
				SWIFT_OPTIMIZATION_LEVEL = "-O";
				VALIDATE_PRODUCT = YES;
			};
			name = Release;
		};
		95091E752372B02E00EA0782 /* Debug */ = {
			isa = XCBuildConfiguration;
			buildSettings = {
				ASSETCATALOG_COMPILER_APPICON_NAME = AppIcon;
				CODE_SIGN_ENTITLEMENTS = HQueue/HQueue.entitlements;
				CODE_SIGN_IDENTITY = "Apple Development";
				CODE_SIGN_STYLE = Automatic;
				DEVELOPMENT_TEAM = BGFK6PG7Z9;
				INFOPLIST_FILE = HQueue/Info.plist;
				IPHONEOS_DEPLOYMENT_TARGET = 13.1;
				LD_RUNPATH_SEARCH_PATHS = (
					"$(inherited)",
					"@executable_path/Frameworks",
				);
				PRODUCT_BUNDLE_IDENTIFIER = "iOS-DA.HQueue";
				PRODUCT_NAME = "$(TARGET_NAME)";
				PROVISIONING_PROFILE_SPECIFIER = "";
				SWIFT_VERSION = 5.0;
				TARGETED_DEVICE_FAMILY = "1,2";
			};
			name = Debug;
		};
		95091E762372B02E00EA0782 /* Release */ = {
			isa = XCBuildConfiguration;
			buildSettings = {
				ASSETCATALOG_COMPILER_APPICON_NAME = AppIcon;
				CODE_SIGN_ENTITLEMENTS = HQueue/HQueue.entitlements;
				CODE_SIGN_IDENTITY = "Apple Development";
				CODE_SIGN_STYLE = Automatic;
				DEVELOPMENT_TEAM = BGFK6PG7Z9;
				INFOPLIST_FILE = HQueue/Info.plist;
				IPHONEOS_DEPLOYMENT_TARGET = 13.1;
				LD_RUNPATH_SEARCH_PATHS = (
					"$(inherited)",
					"@executable_path/Frameworks",
				);
				PRODUCT_BUNDLE_IDENTIFIER = "iOS-DA.HQueue";
				PRODUCT_NAME = "$(TARGET_NAME)";
				PROVISIONING_PROFILE_SPECIFIER = "";
				SWIFT_VERSION = 5.0;
				TARGETED_DEVICE_FAMILY = "1,2";
			};
			name = Release;
		};
		95091E782372B02E00EA0782 /* Debug */ = {
			isa = XCBuildConfiguration;
			buildSettings = {
				ALWAYS_EMBED_SWIFT_STANDARD_LIBRARIES = YES;
				BUNDLE_LOADER = "$(TEST_HOST)";
				CODE_SIGN_STYLE = Automatic;
				DEVELOPMENT_TEAM = BGFK6PG7Z9;
				INFOPLIST_FILE = HQueueTests/Info.plist;
				IPHONEOS_DEPLOYMENT_TARGET = 13.2;
				LD_RUNPATH_SEARCH_PATHS = (
					"$(inherited)",
					"@executable_path/Frameworks",
					"@loader_path/Frameworks",
				);
				PRODUCT_BUNDLE_IDENTIFIER = "iOS-DA.HQueueTests";
				PRODUCT_NAME = "$(TARGET_NAME)";
				SWIFT_VERSION = 5.0;
				TARGETED_DEVICE_FAMILY = "1,2";
				TEST_HOST = "$(BUILT_PRODUCTS_DIR)/HQueue.app/HQueue";
			};
			name = Debug;
		};
		95091E792372B02E00EA0782 /* Release */ = {
			isa = XCBuildConfiguration;
			buildSettings = {
				ALWAYS_EMBED_SWIFT_STANDARD_LIBRARIES = YES;
				BUNDLE_LOADER = "$(TEST_HOST)";
				CODE_SIGN_STYLE = Automatic;
				DEVELOPMENT_TEAM = BGFK6PG7Z9;
				INFOPLIST_FILE = HQueueTests/Info.plist;
				IPHONEOS_DEPLOYMENT_TARGET = 13.2;
				LD_RUNPATH_SEARCH_PATHS = (
					"$(inherited)",
					"@executable_path/Frameworks",
					"@loader_path/Frameworks",
				);
				PRODUCT_BUNDLE_IDENTIFIER = "iOS-DA.HQueueTests";
				PRODUCT_NAME = "$(TARGET_NAME)";
				SWIFT_VERSION = 5.0;
				TARGETED_DEVICE_FAMILY = "1,2";
				TEST_HOST = "$(BUILT_PRODUCTS_DIR)/HQueue.app/HQueue";
			};
			name = Release;
		};
		95091E7B2372B02E00EA0782 /* Debug */ = {
			isa = XCBuildConfiguration;
			buildSettings = {
				ALWAYS_EMBED_SWIFT_STANDARD_LIBRARIES = YES;
				CODE_SIGN_STYLE = Automatic;
				DEVELOPMENT_TEAM = BGFK6PG7Z9;
				INFOPLIST_FILE = HQueueUITests/Info.plist;
				LD_RUNPATH_SEARCH_PATHS = (
					"$(inherited)",
					"@executable_path/Frameworks",
					"@loader_path/Frameworks",
				);
				PRODUCT_BUNDLE_IDENTIFIER = "iOS-DA.HQueueUITests";
				PRODUCT_NAME = "$(TARGET_NAME)";
				SWIFT_VERSION = 5.0;
				TARGETED_DEVICE_FAMILY = "1,2";
				TEST_TARGET_NAME = HQueue;
			};
			name = Debug;
		};
		95091E7C2372B02E00EA0782 /* Release */ = {
			isa = XCBuildConfiguration;
			buildSettings = {
				ALWAYS_EMBED_SWIFT_STANDARD_LIBRARIES = YES;
				CODE_SIGN_STYLE = Automatic;
				DEVELOPMENT_TEAM = BGFK6PG7Z9;
				INFOPLIST_FILE = HQueueUITests/Info.plist;
				LD_RUNPATH_SEARCH_PATHS = (
					"$(inherited)",
					"@executable_path/Frameworks",
					"@loader_path/Frameworks",
				);
				PRODUCT_BUNDLE_IDENTIFIER = "iOS-DA.HQueueUITests";
				PRODUCT_NAME = "$(TARGET_NAME)";
				SWIFT_VERSION = 5.0;
				TARGETED_DEVICE_FAMILY = "1,2";
				TEST_TARGET_NAME = HQueue;
			};
			name = Release;
		};
/* End XCBuildConfiguration section */

/* Begin XCConfigurationList section */
		95091E422372B02B00EA0782 /* Build configuration list for PBXProject "HQueue" */ = {
			isa = XCConfigurationList;
			buildConfigurations = (
				95091E722372B02E00EA0782 /* Debug */,
				95091E732372B02E00EA0782 /* Release */,
			);
			defaultConfigurationIsVisible = 0;
			defaultConfigurationName = Release;
		};
		95091E742372B02E00EA0782 /* Build configuration list for PBXNativeTarget "HQueue" */ = {
			isa = XCConfigurationList;
			buildConfigurations = (
				95091E752372B02E00EA0782 /* Debug */,
				95091E762372B02E00EA0782 /* Release */,
			);
			defaultConfigurationIsVisible = 0;
			defaultConfigurationName = Release;
		};
		95091E772372B02E00EA0782 /* Build configuration list for PBXNativeTarget "HQueueTests" */ = {
			isa = XCConfigurationList;
			buildConfigurations = (
				95091E782372B02E00EA0782 /* Debug */,
				95091E792372B02E00EA0782 /* Release */,
			);
			defaultConfigurationIsVisible = 0;
			defaultConfigurationName = Release;
		};
		95091E7A2372B02E00EA0782 /* Build configuration list for PBXNativeTarget "HQueueUITests" */ = {
			isa = XCConfigurationList;
			buildConfigurations = (
				95091E7B2372B02E00EA0782 /* Debug */,
				95091E7C2372B02E00EA0782 /* Release */,
			);
			defaultConfigurationIsVisible = 0;
			defaultConfigurationName = Release;
		};
/* End XCConfigurationList section */

/* Begin XCVersionGroup section */
		95091E532372B02B00EA0782 /* HQueue.xcdatamodeld */ = {
			isa = XCVersionGroup;
			children = (
				95091E542372B02B00EA0782 /* HQueue.xcdatamodel */,
			);
			currentVersion = 95091E542372B02B00EA0782 /* HQueue.xcdatamodel */;
			path = HQueue.xcdatamodeld;
			sourceTree = "<group>";
			versionGroupType = wrapper.xcdatamodel;
		};
/* End XCVersionGroup section */
	};
	rootObject = 95091E3F2372B02B00EA0782 /* Project object */;
}
